{
  "requires": true,
  "lockfileVersion": 1,
  "dependencies": {
    "react-collapsible": {
      "version": "2.8.0",
      "resolved": "https://registry.npmjs.org/react-collapsible/-/react-collapsible-2.8.0.tgz",
      "integrity": "sha512-QTxGyp4iL8N57FcU1RGt4wD7vqOTRYAHNukxtSeVMkZ+/d1WNWXRIakzhYhC/5TDERihPdp1IvKIJlrLLPyQ/A=="
    }
  }
}
